
Microsoft Visual Studio Solution File, Format Version 12.00
# Visual Studio Version 17
VisualStudioVersion = 17.13.35825.156 d17.13
MinimumVisualStudioVersion = 10.0.40219.1
Project("{FAE04EC0-301F-11D3-BF4B-00C04F79EFBC}") = "SmartLedger", "SmartLedger.csproj", "{DF9275A5-3847-41FA-A90D-297A5ED3600C}"
EndProject
Global
	GlobalSection(SolutionConfigurationPlatforms) = preSolution
		Debug|Any CPU = Debug|Any CPU
		Release|Any CPU = Release|Any CPU
	EndGlobalSection
	GlobalSection(ProjectConfigurationPlatforms) = postSolution
		{DF9275A5-3847-41FA-A90D-297A5ED3600C}.Debug|Any CPU.ActiveCfg = Debug|Any CPU
		{DF9275A5-3847-41FA-A90D-297A5ED3600C}.Debug|Any CPU.Build.0 = Debug|Any CPU
		{DF9275A5-3847-41FA-A90D-297A5ED3600C}.Release|Any CPU.ActiveCfg = Release|Any CPU
		{DF9275A5-3847-41FA-A90D-297A5ED3600C}.Release|Any CPU.Build.0 = Release|Any CPU
	EndGlobalSection
	GlobalSection(SolutionProperties) = preSolution
		HideSolutionNode = FALSE
	EndGlobalSection
	GlobalSection(ExtensibilityGlobals) = postSolution
		SolutionGuid = {1BF93D9F-DE76-4826-8FA5-DC4FAAD69809}
	EndGlobalSection
EndGlobal
